lockfileVersion: '9.0'

settings:
  autoInstallPeers: true
  excludeLinksFromLockfile: false

importers:

  .:
    dependencies:
      idb-kv:
        specifier: ^2.2.0
        version: 2.2.0
    devDependencies:
      prettier:
        specifier: ^3.7.1
        version: 3.7.1
      typescript:
        specifier: ^5.9.3
        version: 5.9.3

packages:

  idb-kv@2.2.0:
    resolution: {integrity: sha512-JSzx4StMfq6L16GEoCMXNtInkcr3lpCoXilTBZKiSgxmcXIG7C37tLAkTEO83HpX/FLLoOB2SunakrHrazDUng==}

  prettier@3.7.1:
    resolution: {integrity: sha512-RWKXE4qB3u5Z6yz7omJkjWwmTfLdcbv44jUVHC5NpfXwFGzvpQM798FGv/6WNK879tc+Cn0AAyherCl1KjbyZQ==}
    engines: {node: '>=14'}
    hasBin: true

  typescript@5.9.3:
    resolution: {integrity: sha512-jl1vZzPDinLr9eUt3J/t7V6FgNEw9QjvBPdysz9KfQDD41fQrC2Y4vKQdiaUpFT4bXlb1RHhLpp8wtm6M5TgSw==}
    engines: {node: '>=14.17'}
    hasBin: true

snapshots:

  idb-kv@2.2.0: {}

  prettier@3.7.1: {}

  typescript@5.9.3: {}
